{
  "name": "webdatavisualization",
  "version": "1.0.0",
  "lockfileVersion": 2,
  "requires": true,
  "packages": {
    "": {
      "name": "webdatavisualization",
      "version": "1.0.0",
      "license": "ISC",
      "dependencies": {
        "@webgpu/types": "^0.1.8"
      }
    },
    "node_modules/@webgpu/types": {
      "version": "0.1.8",
      "resolved": "https://registry.npmjs.org/@webgpu/types/-/types-0.1.8.tgz",
      "integrity": "sha512-4aMF4ohtaZ9GYI542rf0I5C7jF+VBCi9qN3a/x47jxzICGfdfyhYL15rJ08c2NQUJnWRFmFAArKNXpYn6SowQA=="
    }
  },
  "dependencies": {
    "@webgpu/types": {
      "version": "0.1.8",
      "resolved": "https://registry.npmjs.org/@webgpu/types/-/types-0.1.8.tgz",
      "integrity": "sha512-4aMF4ohtaZ9GYI542rf0I5C7jF+VBCi9qN3a/x47jxzICGfdfyhYL15rJ08c2NQUJnWRFmFAArKNXpYn6SowQA=="
    }
  }
}
